// !$*UTF8*$!
{
	archiveVersion = 1;
	classes = {
	};
	objectVersion = 46;
	objects = {

/* Begin PBXAggregateTarget section */
		B677B8261D42167900587500 /* Build and Install */ = {
			isa = PBXAggregateTarget;
			buildConfigurationList = B677B8271D42167900587500 /* Build configuration list for PBXAggregateTarget "Build and Install" */;
			buildPhases = (
				B677B82C1D42168100587500 /* Install Script */,
			);
			dependencies = (
				B677B82B1D42167F00587500 /* PBXTargetDependency */,
			);
			name = "Build and Install";
			productName = "Build and Install";
		};
/* End PBXAggregateTarget section */

/* Begin PBXBuildFile section */
		984D65AB1D411DF500EB2AEC /* QCHTTPPlugIn.m in Sources */ = {isa = PBXBuildFile; fileRef = 984D65AA1D411DF500EB2AEC /* QCHTTPPlugIn.m */; };
/* End PBXBuildFile section */

/* Begin PBXContainerItemProxy section */
		B677B82A1D42167F00587500 /* PBXContainerItemProxy */ = {
			isa = PBXContainerItemProxy;
			containerPortal = 984D659D1D411DF500EB2AEC /* Project object */;
			proxyType = 1;
			remoteGlobalIDString = 984D65A51D411DF500EB2AEC;
			remoteInfo = QCHTTP;
		};
/* End PBXContainerItemProxy section */

/* Begin PBXFileReference section */
		984D65A61D411DF500EB2AEC /* QCHTTP.plugin */ = {isa = PBXFileReference; explicitFileType = wrapper.cfbundle; includeInIndex = 0; path = QCHTTP.plugin; sourceTree = BUILT_PRODUCTS_DIR; };
		984D65A91D411DF500EB2AEC /* QCHTTPPlugIn.h */ = {isa = PBXFileReference; lastKnownFileType = sourcecode.c.h; name = QCHTTPPlugIn.h; path = QCHTTP/QCHTTPPlugIn.h; sourceTree = SOURCE_ROOT; };
		984D65AA1D411DF500EB2AEC /* QCHTTPPlugIn.m */ = {isa = PBXFileReference; lastKnownFileType = sourcecode.c.objc; name = QCHTTPPlugIn.m; path = QCHTTP/QCHTTPPlugIn.m; sourceTree = SOURCE_ROOT; };
		984D65AC1D411DF500EB2AEC /* Info.plist */ = {isa = PBXFileReference; lastKnownFileType = text.plist.xml; name = Info.plist; path = QCHTTP/Info.plist; sourceTree = SOURCE_ROOT; };
		B677B8231D4215EE00587500 /* BuildNumber.xcconfig */ = {isa = PBXFileReference; lastKnownFileType = text.xcconfig; path = BuildNumber.xcconfig; sourceTree = "<group>"; };
		B677B8251D4215EE00587500 /* BuildNumber.sh */ = {isa = PBXFileReference; lastKnownFileType = text.script.sh; path = BuildNumber.sh; sourceTree = "<group>"; };
/* End PBXFileReference section */

/* Begin PBXFrameworksBuildPhase section */
		984D65A21D411DF500EB2AEC /* Frameworks */ = {
			isa = PBXFrameworksBuildPhase;
			buildActionMask = 2147483647;
			files = (
			);
			runOnlyForDeploymentPostprocessing = 0;
		};
/* End PBXFrameworksBuildPhase section */

/* Begin PBXGroup section */
		984D659C1D411DF500EB2AEC = {
			isa = PBXGroup;
			children = (
				B677B8221D4215EE00587500 /* Config */,
				B677B8241D4215EE00587500 /* Scripts */,
				984D65A81D411DF500EB2AEC /* QCHTTP */,
				984D65A71D411DF500EB2AEC /* Products */,
			);
			sourceTree = "<group>";
		};
		984D65A71D411DF500EB2AEC /* Products */ = {
			isa = PBXGroup;
			children = (
				984D65A61D411DF500EB2AEC /* QCHTTP.plugin */,
			);
			name = Products;
			sourceTree = "<group>";
		};
		984D65A81D411DF500EB2AEC /* QCHTTP */ = {
			isa = PBXGroup;
			children = (
				984D65A91D411DF500EB2AEC /* QCHTTPPlugIn.h */,
				984D65AA1D411DF500EB2AEC /* QCHTTPPlugIn.m */,
				984D65AC1D411DF500EB2AEC /* Info.plist */,
			);
			path = QCHTTP;
			sourceTree = "<group>";
		};
		B677B8221D4215EE00587500 /* Config */ = {
			isa = PBXGroup;
			children = (
				B677B8231D4215EE00587500 /* BuildNumber.xcconfig */,
			);
			path = Config;
			sourceTree = "<group>";
		};
		B677B8241D4215EE00587500 /* Scripts */ = {
			isa = PBXGroup;
			children = (
				B677B8251D4215EE00587500 /* BuildNumber.sh */,
			);
			path = Scripts;
			sourceTree = "<group>";
		};
/* End PBXGroup section */

/* Begin PBXNativeTarget section */
		984D65A51D411DF500EB2AEC /* QCHTTP */ = {
			isa = PBXNativeTarget;
			buildConfigurationList = 984D65AF1D411DF500EB2AEC /* Build configuration list for PBXNativeTarget "QCHTTP" */;
			buildPhases = (
				984D65A11D411DF500EB2AEC /* Sources */,
				984D65A21D411DF500EB2AEC /* Frameworks */,
			);
			buildRules = (
			);
			dependencies = (
			);
			name = QCHTTP;
			productName = QCHTTP;
			productReference = 984D65A61D411DF500EB2AEC /* QCHTTP.plugin */;
			productType = "com.apple.product-type.bundle";
		};
/* End PBXNativeTarget section */

/* Begin PBXProject section */
		984D659D1D411DF500EB2AEC /* Project object */ = {
			isa = PBXProject;
			attributes = {
				LastUpgradeCheck = 1200;
				ORGANIZATIONNAME = "Achim Breidenbach";
				TargetAttributes = {
					984D65A51D411DF500EB2AEC = {
						CreatedOnToolsVersion = 7.1.1;
					};
					B677B8261D42167900587500 = {
						CreatedOnToolsVersion = 7.3.1;
					};
				};
			};
			buildConfigurationList = 984D65A01D411DF500EB2AEC /* Build configuration list for PBXProject "QCHTTP" */;
			compatibilityVersion = "Xcode 3.2";
			developmentRegion = en;
			hasScannedForEncodings = 0;
			knownRegions = (
				en,
				Base,
			);
			mainGroup = 984D659C1D411DF500EB2AEC;
			productRefGroup = 984D65A71D411DF500EB2AEC /* Products */;
			projectDirPath = "";
			projectRoot = "";
			targets = (
				984D65A51D411DF500EB2AEC /* QCHTTP */,
				B677B8261D42167900587500 /* Build and Install */,
			);
		};
/* End PBXProject section */

/* Begin PBXShellScriptBuildPhase section */
		B677B82C1D42168100587500 /* Install Script */ = {
			isa = PBXShellScriptBuildPhase;
			buildActionMask = 2147483647;
			files = (
			);
			inputPaths = (
			);
			name = "Install Script";
			outputPaths = (
			);
			runOnlyForDeploymentPostprocessing = 0;
			shellPath = /bin/sh;
			shellScript = "# This shell script simply copies the built plug-in to \"~/Library/Graphics/Quartz Composer Plug-Ins\" and overrides any previous version at that location\n\nmkdir -p \"$USER_LIBRARY_DIR/Graphics/Quartz Composer Plug-Ins\"\nrm -rf \"$USER_LIBRARY_DIR/Graphics/Quartz Composer Plug-Ins/OrientatorReceiver.plugin\"\ncp -rf \"$BUILT_PRODUCTS_DIR/OrientatorReceiver.plugin\" \"$USER_LIBRARY_DIR/Graphics/Quartz Composer Plug-Ins/\"";
		};
/* End PBXShellScriptBuildPhase section */

/* Begin PBXSourcesBuildPhase section */
		984D65A11D411DF500EB2AEC /* Sources */ = {
			isa = PBXSourcesBuildPhase;
			buildActionMask = 2147483647;
			files = (
				984D65AB1D411DF500EB2AEC /* QCHTTPPlugIn.m in Sources */,
			);
			runOnlyForDeploymentPostprocessing = 0;
		};
/* End PBXSourcesBuildPhase section */

/* Begin PBXTargetDependency section */
		B677B82B1D42167F00587500 /* PBXTargetDependency */ = {
			isa = PBXTargetDependency;
			target = 984D65A51D411DF500EB2AEC /* QCHTTP */;
			targetProxy = B677B82A1D42167F00587500 /* PBXContainerItemProxy */;
		};
/* End PBXTargetDependency section */

/* Begin XCBuildConfiguration section */
		984D65AD1D411DF500EB2AEC /* Debug */ = {
			isa = XCBuildConfiguration;
			buildSettings = {
				ALWAYS_SEARCH_USER_PATHS = NO;
				CLANG_ANALYZER_LOCALIZABILITY_NONLOCALIZED = YES;
				CLANG_CXX_LANGUAGE_STANDARD = "gnu++0x";
				CLANG_CXX_LIBRARY = "libc++";
				CLANG_ENABLE_MODULES = YES;
				CLANG_ENABLE_OBJC_ARC = YES;
				CLANG_WARN_BLOCK_CAPTURE_AUTORELEASING = YES;
				CLANG_WARN_BOOL_CONVERSION = YES;
				CLANG_WARN_COMMA = YES;
				CLANG_WARN_CONSTANT_CONVERSION = YES;
				CLANG_WARN_DEPRECATED_OBJC_IMPLEMENTATIONS = YES;
				CLANG_WARN_DIRECT_OBJC_ISA_USAGE = YES_ERROR;
				CLANG_WARN_EMPTY_BODY = YES;
				CLANG_WARN_ENUM_CONVERSION = YES;
				CLANG_WARN_INFINITE_RECURSION = YES;
				CLANG_WARN_INT_CONVERSION = YES;
				CLANG_WARN_NON_LITERAL_NULL_CONVERSION = YES;
				CLANG_WARN_OBJC_IMPLICIT_RETAIN_SELF = YES;
				CLANG_WARN_OBJC_LITERAL_CONVERSION = YES;
				CLANG_WARN_OBJC_ROOT_CLASS = YES_ERROR;
				CLANG_WARN_QUOTED_INCLUDE_IN_FRAMEWORK_HEADER = YES;
				CLANG_WARN_RANGE_LOOP_ANALYSIS = YES;
				CLANG_WARN_STRICT_PROTOTYPES = YES;
				CLANG_WARN_SUSPICIOUS_MOVE = YES;
				CLANG_WARN_UNREACHABLE_CODE = YES;
				CLANG_WARN__DUPLICATE_METHOD_MATCH = YES;
				CODE_SIGN_IDENTITY = "-";
				COPY_PHASE_STRIP = NO;
				DEBUG_INFORMATION_FORMAT = dwarf;
				ENABLE_STRICT_OBJC_MSGSEND = YES;
				ENABLE_TESTABILITY = YES;
				GCC_C_LANGUAGE_STANDARD = gnu99;
				GCC_DYNAMIC_NO_PIC = NO;
				GCC_NO_COMMON_BLOCKS = YES;
				GCC_OPTIMIZATION_LEVEL = 0;
				GCC_PREPROCESSOR_DEFINITIONS = (
					"DEBUG=1",
					"$(inherited)",
				);
				GCC_WARN_64_TO_32_BIT_CONVERSION = YES;
				GCC_WARN_ABOUT_RETURN_TYPE = YES_ERROR;
				GCC_WARN_UNDECLARED_SELECTOR = YES;
				GCC_WARN_UNINITIALIZED_AUTOS = YES_AGGRESSIVE;
				GCC_WARN_UNUSED_FUNCTION = YES;
				GCC_WARN_UNUSED_VARIABLE = YES;
				MACOSX_DEPLOYMENT_TARGET = 10.10;
				MTL_ENABLE_DEBUG_INFO = YES;
				ONLY_ACTIVE_ARCH = YES;
				SDKROOT = macosx;
			};
			name = Debug;
		};
		984D65AE1D411DF500EB2AEC /* Release */ = {
			isa = XCBuildConfiguration;
			buildSettings = {
				ALWAYS_SEARCH_USER_PATHS = NO;
				CLANG_ANALYZER_LOCALIZABILITY_NONLOCALIZED = YES;
				CLANG_CXX_LANGUAGE_STANDARD = "gnu++0x";
				CLANG_CXX_LIBRARY = "libc++";
				CLANG_ENABLE_MODULES = YES;
				CLANG_ENABLE_OBJC_ARC = YES;
				CLANG_WARN_BLOCK_CAPTURE_AUTORELEASING = YES;
				CLANG_WARN_BOOL_CONVERSION = YES;
				CLANG_WARN_COMMA = YES;
				CLANG_WARN_CONSTANT_CONVERSION = YES;
				CLANG_WARN_DEPRECATED_OBJC_IMPLEMENTATIONS = YES;
				CLANG_WARN_DIRECT_OBJC_ISA_USAGE = YES_ERROR;
				CLANG_WARN_EMPTY_BODY = YES;
				CLANG_WARN_ENUM_CONVERSION = YES;
				CLANG_WARN_INFINITE_RECURSION = YES;
				CLANG_WARN_INT_CONVERSION = YES;
				CLANG_WARN_NON_LITERAL_NULL_CONVERSION = YES;
				CLANG_WARN_OBJC_IMPLICIT_RETAIN_SELF = YES;
				CLANG_WARN_OBJC_LITERAL_CONVERSION = YES;
				CLANG_WARN_OBJC_ROOT_CLASS = YES_ERROR;
				CLANG_WARN_QUOTED_INCLUDE_IN_FRAMEWORK_HEADER = YES;
				CLANG_WARN_RANGE_LOOP_ANALYSIS = YES;
				CLANG_WARN_STRICT_PROTOTYPES = YES;
				CLANG_WARN_SUSPICIOUS_MOVE = YES;
				CLANG_WARN_UNREACHABLE_CODE = YES;
				CLANG_WARN__DUPLICATE_METHOD_MATCH = YES;
				CODE_SIGN_IDENTITY = "-";
				COPY_PHASE_STRIP = NO;
				DEBUG_INFORMATION_FORMAT = "dwarf-with-dsym";
				ENABLE_NS_ASSERTIONS = NO;
				ENABLE_STRICT_OBJC_MSGSEND = YES;
				GCC_C_LANGUAGE_STANDARD = gnu99;
				GCC_NO_COMMON_BLOCKS = YES;
				GCC_WARN_64_TO_32_BIT_CONVERSION = YES;
				GCC_WARN_ABOUT_RETURN_TYPE = YES_ERROR;
				GCC_WARN_UNDECLARED_SELECTOR = YES;
				GCC_WARN_UNINITIALIZED_AUTOS = YES_AGGRESSIVE;
				GCC_WARN_UNUSED_FUNCTION = YES;
				GCC_WARN_UNUSED_VARIABLE = YES;
				MACOSX_DEPLOYMENT_TARGET = 10.10;
				MTL_ENABLE_DEBUG_INFO = NO;
				SDKROOT = macosx;
			};
			name = Release;
		};
		984D65B01D411DF500EB2AEC /* Debug */ = {
			isa = XCBuildConfiguration;
			baseConfigurationReference = B677B8231D4215EE00587500 /* BuildNumber.xcconfig */;
			buildSettings = {
				COMBINE_HIDPI_IMAGES = YES;
				INFOPLIST_FILE = QCHTTP/Info.plist;
				INSTALL_PATH = "$(HOME)/Library/Graphics/Quartz Composer Plug-Ins";
				MACOSX_DEPLOYMENT_TARGET = 10.15.2;
				PRODUCT_BUNDLE_IDENTIFIER = com.boinx.QCHTTP;
				PRODUCT_NAME = "$(TARGET_NAME)";
				SKIP_INSTALL = YES;
				WRAPPER_EXTENSION = plugin;
			};
			name = Debug;
		};
		984D65B11D411DF500EB2AEC /* Release */ = {
			isa = XCBuildConfiguration;
			baseConfigurationReference = B677B8231D4215EE00587500 /* BuildNumber.xcconfig */;
			buildSettings = {
				COMBINE_HIDPI_IMAGES = YES;
				INFOPLIST_FILE = QCHTTP/Info.plist;
				INSTALL_PATH = "$(HOME)/Library/Graphics/Quartz Composer Plug-Ins";
				MACOSX_DEPLOYMENT_TARGET = 10.15.2;
				PRODUCT_BUNDLE_IDENTIFIER = com.boinx.QCHTTP;
				PRODUCT_NAME = "$(TARGET_NAME)";
				SKIP_INSTALL = YES;
				WRAPPER_EXTENSION = plugin;
			};
			name = Release;
		};
		B677B8281D42167900587500 /* Debug */ = {
			isa = XCBuildConfiguration;
			buildSettings = {
				PRODUCT_NAME = "$(TARGET_NAME)";
			};
			name = Debug;
		};
		B677B8291D42167900587500 /* Release */ = {
			isa = XCBuildConfiguration;
			buildSettings = {
				PRODUCT_NAME = "$(TARGET_NAME)";
			};
			name = Release;
		};
/* End XCBuildConfiguration section */

/* Begin XCConfigurationList section */
		984D65A01D411DF500EB2AEC /* Build configuration list for PBXProject "QCHTTP" */ = {
			isa = XCConfigurationList;
			buildConfigurations = (
				984D65AD1D411DF500EB2AEC /* Debug */,
				984D65AE1D411DF500EB2AEC /* Release */,
			);
			defaultConfigurationIsVisible = 0;
			defaultConfigurationName = Release;
		};
		984D65AF1D411DF500EB2AEC /* Build configuration list for PBXNativeTarget "QCHTTP" */ = {
			isa = XCConfigurationList;
			buildConfigurations = (
				984D65B01D411DF500EB2AEC /* Debug */,
				984D65B11D411DF500EB2AEC /* Release */,
			);
			defaultConfigurationIsVisible = 0;
			defaultConfigurationName = Release;
		};
		B677B8271D42167900587500 /* Build configuration list for PBXAggregateTarget "Build and Install" */ = {
			isa = XCConfigurationList;
			buildConfigurations = (
				B677B8281D42167900587500 /* Debug */,
				B677B8291D42167900587500 /* Release */,
			);
			defaultConfigurationIsVisible = 0;
			defaultConfigurationName = Release;
		};
/* End XCConfigurationList section */
	};
	rootObject = 984D659D1D411DF500EB2AEC /* Project object */;
}
